
Microsoft Visual Studio Solution File, Format Version 12.00
# Visual Studio 2013
Project("{FAE04EC0-301F-11D3-BF4B-00C04F79EFBC}") = "UI_FRAM.CSharp", "UI_FRAM.CSharp.csproj", "{0AFA815E-C384-F3F8-1699-56A4CBACEAE9}"
EndProject
Project("{FAE04EC0-301F-11D3-BF4B-00C04F79EFBC}") = "UI_FRAM.CSharp.Editor", "UI_FRAM.CSharp.Editor.csproj", "{6E8949FB-8F50-F7ED-56F6-CB5D18D269DD}"
EndProject
Global
	GlobalSection(SolutionConfigurationPlatforms) = preSolution
		Debug|Any CPU = Debug|Any CPU
		Release|Any CPU = Release|Any CPU
	EndGlobalSection
	GlobalSection(ProjectConfigurationPlatforms) = postSolution
		{0AFA815E-C384-F3F8-1699-56A4CBACEAE9}.Debug|Any CPU.ActiveCfg = Debug|Any CPU
		{0AFA815E-C384-F3F8-1699-56A4CBACEAE9}.Debug|Any CPU.Build.0 = Debug|Any CPU
		{0AFA815E-C384-F3F8-1699-56A4CBACEAE9}.Release|Any CPU.ActiveCfg = Release|Any CPU
		{0AFA815E-C384-F3F8-1699-56A4CBACEAE9}.Release|Any CPU.Build.0 = Release|Any CPU
		{6E8949FB-8F50-F7ED-56F6-CB5D18D269DD}.Debug|Any CPU.ActiveCfg = Debug|Any CPU
		{6E8949FB-8F50-F7ED-56F6-CB5D18D269DD}.Debug|Any CPU.Build.0 = Debug|Any CPU
		{6E8949FB-8F50-F7ED-56F6-CB5D18D269DD}.Release|Any CPU.ActiveCfg = Release|Any CPU
		{6E8949FB-8F50-F7ED-56F6-CB5D18D269DD}.Release|Any CPU.Build.0 = Release|Any CPU
	EndGlobalSection
	GlobalSection(SolutionProperties) = preSolution
		HideSolutionNode = FALSE
	EndGlobalSection
EndGlobal
